{
  "name": "2019-2020-pai-threejs-presentacion-three",
  "version": "1.0.0",
  "lockfileVersion": 1,
  "requires": true,
  "dependencies": {
    "three-canvas-renderer": {
      "version": "2.0.0",
      "resolved": "https://registry.npmjs.org/three-canvas-renderer/-/three-canvas-renderer-2.0.0.tgz",
      "integrity": "sha1-bUxKkTJlxmrIeZJsqTgunysRRSs="
    }
  }
}
